
Microsoft Visual Studio Solution File, Format Version 12.00
# Visual Studio 15
VisualStudioVersion = 15.0.27130.2027
MinimumVisualStudioVersion = 10.0.40219.1
Project("{FAE04EC0-301F-11D3-BF4B-00C04F79EFBC}") = "Player", "Player.csproj", "{13C498F4-7FD0-42D8-BB5C-837AE85EF25E}"
EndProject
Global
	GlobalSection(SolutionConfigurationPlatforms) = preSolution
		Debug|Any CPU = Debug|Any CPU
		Debug|ARM = Debug|ARM
		Debug|ARM64 = Debug|ARM64
		Debug|x64 = Debug|x64
		Debug|x86 = Debug|x86
		Release|Any CPU = Release|Any CPU
		Release|ARM = Release|ARM
		Release|ARM64 = Release|ARM64
		Release|x64 = Release|x64
		Release|x86 = Release|x86
	EndGlobalSection
	GlobalSection(ProjectConfigurationPlatforms) = postSolution
		{13C498F4-7FD0-42D8-BB5C-837AE85EF25E}.Debug|Any CPU.ActiveCfg = Debug|x86
		{13C498F4-7FD0-42D8-BB5C-837AE85EF25E}.Debug|ARM.ActiveCfg = Debug|ARM
		{13C498F4-7FD0-42D8-BB5C-837AE85EF25E}.Debug|ARM.Build.0 = Debug|ARM
		{13C498F4-7FD0-42D8-BB5C-837AE85EF25E}.Debug|ARM.Deploy.0 = Debug|ARM
		{13C498F4-7FD0-42D8-BB5C-837AE85EF25E}.Debug|ARM64.ActiveCfg = Debug|ARM64
		{13C498F4-7FD0-42D8-BB5C-837AE85EF25E}.Debug|ARM64.Build.0 = Debug|ARM64
		{13C498F4-7FD0-42D8-BB5C-837AE85EF25E}.Debug|ARM64.Deploy.0 = Debug|ARM64
		{13C498F4-7FD0-42D8-BB5C-837AE85EF25E}.Debug|x64.ActiveCfg = Debug|x64
		{13C498F4-7FD0-42D8-BB5C-837AE85EF25E}.Debug|x64.Build.0 = Debug|x64
		{13C498F4-7FD0-42D8-BB5C-837AE85EF25E}.Debug|x64.Deploy.0 = Debug|x64
		{13C498F4-7FD0-42D8-BB5C-837AE85EF25E}.Debug|x86.ActiveCfg = Debug|x86
		{13C498F4-7FD0-42D8-BB5C-837AE85EF25E}.Debug|x86.Build.0 = Debug|x86
		{13C498F4-7FD0-42D8-BB5C-837AE85EF25E}.Debug|x86.Deploy.0 = Debug|x86
		{13C498F4-7FD0-42D8-BB5C-837AE85EF25E}.Release|Any CPU.ActiveCfg = Release|x64
		{13C498F4-7FD0-42D8-BB5C-837AE85EF25E}.Release|Any CPU.Build.0 = Release|x64
		{13C498F4-7FD0-42D8-BB5C-837AE85EF25E}.Release|Any CPU.Deploy.0 = Release|x64
		{13C498F4-7FD0-42D8-BB5C-837AE85EF25E}.Release|ARM.ActiveCfg = Release|ARM
		{13C498F4-7FD0-42D8-BB5C-837AE85EF25E}.Release|ARM.Build.0 = Release|ARM
		{13C498F4-7FD0-42D8-BB5C-837AE85EF25E}.Release|ARM.Deploy.0 = Release|ARM
		{13C498F4-7FD0-42D8-BB5C-837AE85EF25E}.Release|ARM64.ActiveCfg = Release|ARM64
		{13C498F4-7FD0-42D8-BB5C-837AE85EF25E}.Release|ARM64.Build.0 = Release|ARM64
		{13C498F4-7FD0-42D8-BB5C-837AE85EF25E}.Release|ARM64.Deploy.0 = Release|ARM64
		{13C498F4-7FD0-42D8-BB5C-837AE85EF25E}.Release|x64.ActiveCfg = Release|x64
		{13C498F4-7FD0-42D8-BB5C-837AE85EF25E}.Release|x64.Build.0 = Release|x64
		{13C498F4-7FD0-42D8-BB5C-837AE85EF25E}.Release|x64.Deploy.0 = Release|x64
		{13C498F4-7FD0-42D8-BB5C-837AE85EF25E}.Release|x86.ActiveCfg = Release|x86
		{13C498F4-7FD0-42D8-BB5C-837AE85EF25E}.Release|x86.Build.0 = Release|x86
		{13C498F4-7FD0-42D8-BB5C-837AE85EF25E}.Release|x86.Deploy.0 = Release|x86
	EndGlobalSection
	GlobalSection(SolutionProperties) = preSolution
		HideSolutionNode = FALSE
	EndGlobalSection
	GlobalSection(ExtensibilityGlobals) = postSolution
		SolutionGuid = {009A680C-97A7-45E9-906D-1C64EB3EB34E}
	EndGlobalSection
	GlobalSection(Performance) = preSolution
		HasPerformanceSessions = true
	EndGlobalSection
EndGlobal
